
Microsoft Visual Studio Solution File, Format Version 12.00
# Visual Studio 15
VisualStudioVersion = 15.0.28307.960
MinimumVisualStudioVersion = 10.0.40219.1
Project("{FAE04EC0-301F-11D3-BF4B-00C04F79EFBC}") = "RandStudent", "RandStudent\RandStudent.csproj", "{6577AB5F-78BC-46D6-B8DF-5A0AC3F7F500}"
EndProject
Global
	GlobalSection(SolutionConfigurationPlatforms) = preSolution
		Debug|Any CPU = Debug|Any CPU
		Release|Any CPU = Release|Any CPU
	EndGlobalSection
	GlobalSection(ProjectConfigurationPlatforms) = postSolution
		{6577AB5F-78BC-46D6-B8DF-5A0AC3F7F500}.Debug|Any CPU.ActiveCfg = Debug|Any CPU
		{6577AB5F-78BC-46D6-B8DF-5A0AC3F7F500}.Debug|Any CPU.Build.0 = Debug|Any CPU
		{6577AB5F-78BC-46D6-B8DF-5A0AC3F7F500}.Release|Any CPU.ActiveCfg = Release|Any CPU
		{6577AB5F-78BC-46D6-B8DF-5A0AC3F7F500}.Release|Any CPU.Build.0 = Release|Any CPU
	EndGlobalSection
	GlobalSection(SolutionProperties) = preSolution
		HideSolutionNode = FALSE
	EndGlobalSection
	GlobalSection(ExtensibilityGlobals) = postSolution
		SolutionGuid = {FE563A96-6A78-4868-B433-1D949C366884}
	EndGlobalSection
EndGlobal
